// !$*UTF8*$!
{
	archiveVersion = 1;
	classes = {
	};
	objectVersion = 46;
	objects = {

/* Begin PBXBuildFile section */
		414E94FB1932BB240071A840 /* Foundation.framework in Frameworks */ = {isa = PBXBuildFile; fileRef = 414E94FA1932BB240071A840 /* Foundation.framework */; };
		414E94FD1932BB240071A840 /* CoreGraphics.framework in Frameworks */ = {isa = PBXBuildFile; fileRef = 414E94FC1932BB240071A840 /* CoreGraphics.framework */; };
		414E94FF1932BB240071A840 /* UIKit.framework in Frameworks */ = {isa = PBXBuildFile; fileRef = 414E94FE1932BB240071A840 /* UIKit.framework */; };
		414E95051932BB240071A840 /* InfoPlist.strings in Resources */ = {isa = PBXBuildFile; fileRef = 414E95031932BB240071A840 /* InfoPlist.strings */; };
		414E95071932BB240071A840 /* main.m in Sources */ = {isa = PBXBuildFile; fileRef = 414E95061932BB240071A840 /* main.m */; };
		414E950B1932BB240071A840 /* AppDelegate.m in Sources */ = {isa = PBXBuildFile; fileRef = 414E950A1932BB240071A840 /* AppDelegate.m */; };
		414E950E1932BB240071A840 /* Main.storyboard in Resources */ = {isa = PBXBuildFile; fileRef = 414E950C1932BB240071A840 /* Main.storyboard */; };
		414E95111932BB240071A840 /* ViewController.m in Sources */ = {isa = PBXBuildFile; fileRef = 414E95101932BB240071A840 /* ViewController.m */; };
		414E95131932BB240071A840 /* Images.xcassets in Resources */ = {isa = PBXBuildFile; fileRef = 414E95121932BB240071A840 /* Images.xcassets */; };
		414E951A1932BB240071A840 /* XCTest.framework in Frameworks */ = {isa = PBXBuildFile; fileRef = 414E95191932BB240071A840 /* XCTest.framework */; };
		414E951B1932BB240071A840 /* Foundation.framework in Frameworks */ = {isa = PBXBuildFile; fileRef = 414E94FA1932BB240071A840 /* Foundation.framework */; };
		414E951C1932BB240071A840 /* UIKit.framework in Frameworks */ = {isa = PBXBuildFile; fileRef = 414E94FE1932BB240071A840 /* UIKit.framework */; };
		414E95241932BB240071A840 /* InfoPlist.strings in Resources */ = {isa = PBXBuildFile; fileRef = 414E95221932BB240071A840 /* InfoPlist.strings */; };
		414E95261932BB240071A840 /* iosDojoTests.m in Sources */ = {isa = PBXBuildFile; fileRef = 414E95251932BB240071A840 /* iosDojoTests.m */; };
		414E95321932BB450071A840 /* Card.m in Sources */ = {isa = PBXBuildFile; fileRef = 414E95311932BB450071A840 /* Card.m */; };
		414E95351932BCC50071A840 /* PlayingCard.m in Sources */ = {isa = PBXBuildFile; fileRef = 414E95341932BCC50071A840 /* PlayingCard.m */; };
		414E95381932BCFE0071A840 /* Deck.m in Sources */ = {isa = PBXBuildFile; fileRef = 414E95371932BCFE0071A840 /* Deck.m */; };
		414E953B1932BD1D0071A840 /* PlayingCardDeck.m in Sources */ = {isa = PBXBuildFile; fileRef = 414E953A1932BD1D0071A840 /* PlayingCardDeck.m */; };
		414E95401932BF700071A840 /* CardTestCase.m in Sources */ = {isa = PBXBuildFile; fileRef = 414E953F1932BF700071A840 /* CardTestCase.m */; };
/* End PBXBuildFile section */

/* Begin PBXContainerItemProxy section */
		414E951D1932BB240071A840 /* PBXContainerItemProxy */ = {
			isa = PBXContainerItemProxy;
			containerPortal = 414E94EF1932BB240071A840 /* Project object */;
			proxyType = 1;
			remoteGlobalIDString = 414E94F61932BB240071A840;
			remoteInfo = iosDojo;
		};
/* End PBXContainerItemProxy section */

/* Begin PBXFileReference section */
		414E94F71932BB240071A840 /* iosDojo.app */ = {isa = PBXFileReference; explicitFileType = wrapper.application; includeInIndex = 0; path = iosDojo.app; sourceTree = BUILT_PRODUCTS_DIR; };
		414E94FA1932BB240071A840 /* Foundation.framework */ = {isa = PBXFileReference; lastKnownFileType = wrapper.framework; name = Foundation.framework; path = System/Library/Frameworks/Foundation.framework; sourceTree = SDKROOT; };
		414E94FC1932BB240071A840 /* CoreGraphics.framework */ = {isa = PBXFileReference; lastKnownFileType = wrapper.framework; name = CoreGraphics.framework; path = System/Library/Frameworks/CoreGraphics.framework; sourceTree = SDKROOT; };
		414E94FE1932BB240071A840 /* UIKit.framework */ = {isa = PBXFileReference; lastKnownFileType = wrapper.framework; name = UIKit.framework; path = System/Library/Frameworks/UIKit.framework; sourceTree = SDKROOT; };
		414E95021932BB240071A840 /* iosDojo-Info.plist */ = {isa = PBXFileReference; lastKnownFileType = text.plist.xml; path = "iosDojo-Info.plist"; sourceTree = "<group>"; };
		414E95041932BB240071A840 /* en */ = {isa = PBXFileReference; lastKnownFileType = text.plist.strings; name = en; path = en.lproj/InfoPlist.strings; sourceTree = "<group>"; };
		414E95061932BB240071A840 /* main.m */ = {isa = PBXFileReference; lastKnownFileType = sourcecode.c.objc; path = main.m; sourceTree = "<group>"; };
		414E95081932BB240071A840 /* iosDojo-Prefix.pch */ = {isa = PBXFileReference; lastKnownFileType = sourcecode.c.h; path = "iosDojo-Prefix.pch"; sourceTree = "<group>"; };
		414E95091932BB240071A840 /* AppDelegate.h */ = {isa = PBXFileReference; lastKnownFileType = sourcecode.c.h; path = AppDelegate.h; sourceTree = "<group>"; };
		414E950A1932BB240071A840 /* AppDelegate.m */ = {isa = PBXFileReference; lastKnownFileType = sourcecode.c.objc; path = AppDelegate.m; sourceTree = "<group>"; };
		414E950D1932BB240071A840 /* Base */ = {isa = PBXFileReference; lastKnownFileType = file.storyboard; name = Base; path = Base.lproj/Main.storyboard; sourceTree = "<group>"; };
		414E950F1932BB240071A840 /* ViewController.h */ = {isa = PBXFileReference; lastKnownFileType = sourcecode.c.h; path = ViewController.h; sourceTree = "<group>"; };
		414E95101932BB240071A840 /* ViewController.m */ = {isa = PBXFileReference; lastKnownFileType = sourcecode.c.objc; path = ViewController.m; sourceTree = "<group>"; };
		414E95121932BB240071A840 /* Images.xcassets */ = {isa = PBXFileReference; lastKnownFileType = folder.assetcatalog; path = Images.xcassets; sourceTree = "<group>"; };
		414E95181932BB240071A840 /* iosDojoTests.xctest */ = {isa = PBXFileReference; explicitFileType = wrapper.cfbundle; includeInIndex = 0; path = iosDojoTests.xctest; sourceTree = BUILT_PRODUCTS_DIR; };
		414E95191932BB240071A840 /* XCTest.framework */ = {isa = PBXFileReference; lastKnownFileType = wrapper.framework; name = XCTest.framework; path = Library/Frameworks/XCTest.framework; sourceTree = DEVELOPER_DIR; };
		414E95211932BB240071A840 /* iosDojoTests-Info.plist */ = {isa = PBXFileReference; lastKnownFileType = text.plist.xml; path = "iosDojoTests-Info.plist"; sourceTree = "<group>"; };
		414E95231932BB240071A840 /* en */ = {isa = PBXFileReference; lastKnownFileType = text.plist.strings; name = en; path = en.lproj/InfoPlist.strings; sourceTree = "<group>"; };
		414E95251932BB240071A840 /* iosDojoTests.m */ = {isa = PBXFileReference; lastKnownFileType = sourcecode.c.objc; path = iosDojoTests.m; sourceTree = "<group>"; };
		414E95301932BB450071A840 /* Card.h */ = {isa = PBXFileReference; fileEncoding = 4; lastKnownFileType = sourcecode.c.h; path = Card.h; sourceTree = "<group>"; };
		414E95311932BB450071A840 /* Card.m */ = {isa = PBXFileReference; fileEncoding = 4; lastKnownFileType = sourcecode.c.objc; path = Card.m; sourceTree = "<group>"; };
		414E95331932BCC50071A840 /* PlayingCard.h */ = {isa = PBXFileReference; fileEncoding = 4; lastKnownFileType = sourcecode.c.h; path = PlayingCard.h; sourceTree = "<group>"; };
		414E95341932BCC50071A840 /* PlayingCard.m */ = {isa = PBXFileReference; fileEncoding = 4; lastKnownFileType = sourcecode.c.objc; path = PlayingCard.m; sourceTree = "<group>"; };
		414E95361932BCFE0071A840 /* Deck.h */ = {isa = PBXFileReference; fileEncoding = 4; lastKnownFileType = sourcecode.c.h; path = Deck.h; sourceTree = "<group>"; };
		414E95371932BCFE0071A840 /* Deck.m */ = {isa = PBXFileReference; fileEncoding = 4; lastKnownFileType = sourcecode.c.objc; path = Deck.m; sourceTree = "<group>"; };
		414E95391932BD1D0071A840 /* PlayingCardDeck.h */ = {isa = PBXFileReference; fileEncoding = 4; lastKnownFileType = sourcecode.c.h; path = PlayingCardDeck.h; sourceTree = "<group>"; };
		414E953A1932BD1D0071A840 /* PlayingCardDeck.m */ = {isa = PBXFileReference; fileEncoding = 4; lastKnownFileType = sourcecode.c.objc; path = PlayingCardDeck.m; sourceTree = "<group>"; };
		414E953F1932BF700071A840 /* CardTestCase.m */ = {isa = PBXFileReference; fileEncoding = 4; lastKnownFileType = sourcecode.c.objc; path = CardTestCase.m; sourceTree = "<group>"; };
/* End PBXFileReference section */

/* Begin PBXFrameworksBuildPhase section */
		414E94F41932BB240071A840 /* Frameworks */ = {
			isa = PBXFrameworksBuildPhase;
			buildActionMask = 2147483647;
			files = (
				414E94FD1932BB240071A840 /* CoreGraphics.framework in Frameworks */,
				414E94FF1932BB240071A840 /* UIKit.framework in Frameworks */,
				414E94FB1932BB240071A840 /* Foundation.framework in Frameworks */,
			);
			runOnlyForDeploymentPostprocessing = 0;
		};
		414E95151932BB240071A840 /* Frameworks */ = {
			isa = PBXFrameworksBuildPhase;
			buildActionMask = 2147483647;
			files = (
				414E951A1932BB240071A840 /* XCTest.framework in Frameworks */,
				414E951C1932BB240071A840 /* UIKit.framework in Frameworks */,
				414E951B1932BB240071A840 /* Foundation.framework in Frameworks */,
			);
			runOnlyForDeploymentPostprocessing = 0;
		};
/* End PBXFrameworksBuildPhase section */

/* Begin PBXGroup section */
		414E94EE1932BB240071A840 = {
			isa = PBXGroup;
			children = (
				414E95001932BB240071A840 /* iosDojo */,
				414E951F1932BB240071A840 /* iosDojoTests */,
				414E94F91932BB240071A840 /* Frameworks */,
				414E94F81932BB240071A840 /* Products */,
			);
			sourceTree = "<group>";
		};
		414E94F81932BB240071A840 /* Products */ = {
			isa = PBXGroup;
			children = (
				414E94F71932BB240071A840 /* iosDojo.app */,
				414E95181932BB240071A840 /* iosDojoTests.xctest */,
			);
			name = Products;
			sourceTree = "<group>";
		};
		414E94F91932BB240071A840 /* Frameworks */ = {
			isa = PBXGroup;
			children = (
				414E94FA1932BB240071A840 /* Foundation.framework */,
				414E94FC1932BB240071A840 /* CoreGraphics.framework */,
				414E94FE1932BB240071A840 /* UIKit.framework */,
				414E95191932BB240071A840 /* XCTest.framework */,
			);
			name = Frameworks;
			sourceTree = "<group>";
		};
		414E95001932BB240071A840 /* iosDojo */ = {
			isa = PBXGroup;
			children = (
				414E952F1932BB2A0071A840 /* Models */,
				414E95091932BB240071A840 /* AppDelegate.h */,
				414E950A1932BB240071A840 /* AppDelegate.m */,
				414E950C1932BB240071A840 /* Main.storyboard */,
				414E950F1932BB240071A840 /* ViewController.h */,
				414E95101932BB240071A840 /* ViewController.m */,
				414E95121932BB240071A840 /* Images.xcassets */,
				414E95011932BB240071A840 /* Supporting Files */,
			);
			path = iosDojo;
			sourceTree = "<group>";
		};
		414E95011932BB240071A840 /* Supporting Files */ = {
			isa = PBXGroup;
			children = (
				414E95021932BB240071A840 /* iosDojo-Info.plist */,
				414E95031932BB240071A840 /* InfoPlist.strings */,
				414E95061932BB240071A840 /* main.m */,
				414E95081932BB240071A840 /* iosDojo-Prefix.pch */,
			);
			name = "Supporting Files";
			sourceTree = "<group>";
		};
		414E951F1932BB240071A840 /* iosDojoTests */ = {
			isa = PBXGroup;
			children = (
				414E95251932BB240071A840 /* iosDojoTests.m */,
				414E95201932BB240071A840 /* Supporting Files */,
				414E953F1932BF700071A840 /* CardTestCase.m */,
			);
			path = iosDojoTests;
			sourceTree = "<group>";
		};
		414E95201932BB240071A840 /* Supporting Files */ = {
			isa = PBXGroup;
			children = (
				414E95211932BB240071A840 /* iosDojoTests-Info.plist */,
				414E95221932BB240071A840 /* InfoPlist.strings */,
			);
			name = "Supporting Files";
			sourceTree = "<group>";
		};
		414E952F1932BB2A0071A840 /* Models */ = {
			isa = PBXGroup;
			children = (
				414E95301932BB450071A840 /* Card.h */,
				414E95311932BB450071A840 /* Card.m */,
				414E95331932BCC50071A840 /* PlayingCard.h */,
				414E95341932BCC50071A840 /* PlayingCard.m */,
				414E95361932BCFE0071A840 /* Deck.h */,
				414E95371932BCFE0071A840 /* Deck.m */,
				414E95391932BD1D0071A840 /* PlayingCardDeck.h */,
				414E953A1932BD1D0071A840 /* PlayingCardDeck.m */,
			);
			name = Models;
			sourceTree = "<group>";
		};
/* End PBXGroup section */

/* Begin PBXNativeTarget section */
		414E94F61932BB240071A840 /* iosDojo */ = {
			isa = PBXNativeTarget;
			buildConfigurationList = 414E95291932BB240071A840 /* Build configuration list for PBXNativeTarget "iosDojo" */;
			buildPhases = (
				414E94F31932BB240071A840 /* Sources */,
				414E94F41932BB240071A840 /* Frameworks */,
				414E94F51932BB240071A840 /* Resources */,
			);
			buildRules = (
			);
			dependencies = (
			);
			name = iosDojo;
			productName = iosDojo;
			productReference = 414E94F71932BB240071A840 /* iosDojo.app */;
			productType = "com.apple.product-type.application";
		};
		414E95171932BB240071A840 /* iosDojoTests */ = {
			isa = PBXNativeTarget;
			buildConfigurationList = 414E952C1932BB240071A840 /* Build configuration list for PBXNativeTarget "iosDojoTests" */;
			buildPhases = (
				414E95141932BB240071A840 /* Sources */,
				414E95151932BB240071A840 /* Frameworks */,
				414E95161932BB240071A840 /* Resources */,
			);
			buildRules = (
			);
			dependencies = (
				414E951E1932BB240071A840 /* PBXTargetDependency */,
			);
			name = iosDojoTests;
			productName = iosDojoTests;
			productReference = 414E95181932BB240071A840 /* iosDojoTests.xctest */;
			productType = "com.apple.product-type.bundle.unit-test";
		};
/* End PBXNativeTarget section */

/* Begin PBXProject section */
		414E94EF1932BB240071A840 /* Project object */ = {
			isa = PBXProject;
			attributes = {
				LastUpgradeCheck = 0510;
				ORGANIZATIONNAME = "Jéferson Machado";
				TargetAttributes = {
					414E95171932BB240071A840 = {
						TestTargetID = 414E94F61932BB240071A840;
					};
				};
			};
			buildConfigurationList = 414E94F21932BB240071A840 /* Build configuration list for PBXProject "iosDojo" */;
			compatibilityVersion = "Xcode 3.2";
			developmentRegion = English;
			hasScannedForEncodings = 0;
			knownRegions = (
				en,
				Base,
			);
			mainGroup = 414E94EE1932BB240071A840;
			productRefGroup = 414E94F81932BB240071A840 /* Products */;
			projectDirPath = "";
			projectRoot = "";
			targets = (
				414E94F61932BB240071A840 /* iosDojo */,
				414E95171932BB240071A840 /* iosDojoTests */,
			);
		};
/* End PBXProject section */

/* Begin PBXResourcesBuildPhase section */
		414E94F51932BB240071A840 /* Resources */ = {
			isa = PBXResourcesBuildPhase;
			buildActionMask = 2147483647;
			files = (
				414E95131932BB240071A840 /* Images.xcassets in Resources */,
				414E95051932BB240071A840 /* InfoPlist.strings in Resources */,
				414E950E1932BB240071A840 /* Main.storyboard in Resources */,
			);
			runOnlyForDeploymentPostprocessing = 0;
		};
		414E95161932BB240071A840 /* Resources */ = {
			isa = PBXResourcesBuildPhase;
			buildActionMask = 2147483647;
			files = (
				414E95241932BB240071A840 /* InfoPlist.strings in Resources */,
			);
			runOnlyForDeploymentPostprocessing = 0;
		};
/* End PBXResourcesBuildPhase section */

/* Begin PBXSourcesBuildPhase section */
		414E94F31932BB240071A840 /* Sources */ = {
			isa = PBXSourcesBuildPhase;
			buildActionMask = 2147483647;
			files = (
				414E95111932BB240071A840 /* ViewController.m in Sources */,
				414E950B1932BB240071A840 /* AppDelegate.m in Sources */,
				414E95071932BB240071A840 /* main.m in Sources */,
				414E95351932BCC50071A840 /* PlayingCard.m in Sources */,
				414E953B1932BD1D0071A840 /* PlayingCardDeck.m in Sources */,
				414E95381932BCFE0071A840 /* Deck.m in Sources */,
				414E95321932BB450071A840 /* Card.m in Sources */,
			);
			runOnlyForDeploymentPostprocessing = 0;
		};
		414E95141932BB240071A840 /* Sources */ = {
			isa = PBXSourcesBuildPhase;
			buildActionMask = 2147483647;
			files = (
				414E95261932BB240071A840 /* iosDojoTests.m in Sources */,
				414E95401932BF700071A840 /* CardTestCase.m in Sources */,
			);
			runOnlyForDeploymentPostprocessing = 0;
		};
/* End PBXSourcesBuildPhase section */

/* Begin PBXTargetDependency section */
		414E951E1932BB240071A840 /* PBXTargetDependency */ = {
			isa = PBXTargetDependency;
			target = 414E94F61932BB240071A840 /* iosDojo */;
			targetProxy = 414E951D1932BB240071A840 /* PBXContainerItemProxy */;
		};
/* End PBXTargetDependency section */

/* Begin PBXVariantGroup section */
		414E95031932BB240071A840 /* InfoPlist.strings */ = {
			isa = PBXVariantGroup;
			children = (
				414E95041932BB240071A840 /* en */,
			);
			name = InfoPlist.strings;
			sourceTree = "<group>";
		};
		414E950C1932BB240071A840 /* Main.storyboard */ = {
			isa = PBXVariantGroup;
			children = (
				414E950D1932BB240071A840 /* Base */,
			);
			name = Main.storyboard;
			sourceTree = "<group>";
		};
		414E95221932BB240071A840 /* InfoPlist.strings */ = {
			isa = PBXVariantGroup;
			children = (
				414E95231932BB240071A840 /* en */,
			);
			name = InfoPlist.strings;
			sourceTree = "<group>";
		};
/* End PBXVariantGroup section */

/* Begin XCBuildConfiguration section */
		414E95271932BB240071A840 /* Debug */ = {
			isa = XCBuildConfiguration;
			buildSettings = {
				ALWAYS_SEARCH_USER_PATHS = NO;
				CLANG_CXX_LANGUAGE_STANDARD = "gnu++0x";
				CLANG_CXX_LIBRARY = "libc++";
				CLANG_ENABLE_MODULES = YES;
				CLANG_ENABLE_OBJC_ARC = YES;
				CLANG_WARN_BOOL_CONVERSION = YES;
				CLANG_WARN_CONSTANT_CONVERSION = YES;
				CLANG_WARN_DIRECT_OBJC_ISA_USAGE = YES_ERROR;
				CLANG_WARN_EMPTY_BODY = YES;
				CLANG_WARN_ENUM_CONVERSION = YES;
				CLANG_WARN_INT_CONVERSION = YES;
				CLANG_WARN_OBJC_ROOT_CLASS = YES_ERROR;
				CLANG_WARN__DUPLICATE_METHOD_MATCH = YES;
				"CODE_SIGN_IDENTITY[sdk=iphoneos*]" = "iPhone Developer";
				COPY_PHASE_STRIP = NO;
				GCC_C_LANGUAGE_STANDARD = gnu99;
				GCC_DYNAMIC_NO_PIC = NO;
				GCC_OPTIMIZATION_LEVEL = 0;
				GCC_PREPROCESSOR_DEFINITIONS = (
					"DEBUG=1",
					"$(inherited)",
				);
				GCC_SYMBOLS_PRIVATE_EXTERN = NO;
				GCC_WARN_64_TO_32_BIT_CONVERSION = YES;
				GCC_WARN_ABOUT_RETURN_TYPE = YES_ERROR;
				GCC_WARN_UNDECLARED_SELECTOR = YES;
				GCC_WARN_UNINITIALIZED_AUTOS = YES_AGGRESSIVE;
				GCC_WARN_UNUSED_FUNCTION = YES;
				GCC_WARN_UNUSED_VARIABLE = YES;
				IPHONEOS_DEPLOYMENT_TARGET = 7.1;
				ONLY_ACTIVE_ARCH = YES;
				SDKROOT = iphoneos;
			};
			name = Debug;
		};
		414E95281932BB240071A840 /* Release */ = {
			isa = XCBuildConfiguration;
			buildSettings = {
				ALWAYS_SEARCH_USER_PATHS = NO;
				CLANG_CXX_LANGUAGE_STANDARD = "gnu++0x";
				CLANG_CXX_LIBRARY = "libc++";
				CLANG_ENABLE_MODULES = YES;
				CLANG_ENABLE_OBJC_ARC = YES;
				CLANG_WARN_BOOL_CONVERSION = YES;
				CLANG_WARN_CONSTANT_CONVERSION = YES;
				CLANG_WARN_DIRECT_OBJC_ISA_USAGE = YES_ERROR;
				CLANG_WARN_EMPTY_BODY = YES;
				CLANG_WARN_ENUM_CONVERSION = YES;
				CLANG_WARN_INT_CONVERSION = YES;
				CLANG_WARN_OBJC_ROOT_CLASS = YES_ERROR;
				CLANG_WARN__DUPLICATE_METHOD_MATCH = YES;
				"CODE_SIGN_IDENTITY[sdk=iphoneos*]" = "iPhone Developer";
				COPY_PHASE_STRIP = YES;
				ENABLE_NS_ASSERTIONS = NO;
				GCC_C_LANGUAGE_STANDARD = gnu99;
				GCC_WARN_64_TO_32_BIT_CONVERSION = YES;
				GCC_WARN_ABOUT_RETURN_TYPE = YES_ERROR;
				GCC_WARN_UNDECLARED_SELECTOR = YES;
				GCC_WARN_UNINITIALIZED_AUTOS = YES_AGGRESSIVE;
				GCC_WARN_UNUSED_FUNCTION = YES;
				GCC_WARN_UNUSED_VARIABLE = YES;
				IPHONEOS_DEPLOYMENT_TARGET = 7.1;
				SDKROOT = iphoneos;
				VALIDATE_PRODUCT = YES;
			};
			name = Release;
		};
		414E952A1932BB240071A840 /* Debug */ = {
			isa = XCBuildConfiguration;
			buildSettings = {
				ASSETCATALOG_COMPILER_APPICON_NAME = AppIcon;
				ASSETCATALOG_COMPILER_LAUNCHIMAGE_NAME = LaunchImage;
				GCC_PRECOMPILE_PREFIX_HEADER = YES;
				GCC_PREFIX_HEADER = "iosDojo/iosDojo-Prefix.pch";
				INFOPLIST_FILE = "iosDojo/iosDojo-Info.plist";
				PRODUCT_NAME = "$(TARGET_NAME)";
				WRAPPER_EXTENSION = app;
			};
			name = Debug;
		};
		414E952B1932BB240071A840 /* Release */ = {
			isa = XCBuildConfiguration;
			buildSettings = {
				ASSETCATALOG_COMPILER_APPICON_NAME = AppIcon;
				ASSETCATALOG_COMPILER_LAUNCHIMAGE_NAME = LaunchImage;
				GCC_PRECOMPILE_PREFIX_HEADER = YES;
				GCC_PREFIX_HEADER = "iosDojo/iosDojo-Prefix.pch";
				INFOPLIST_FILE = "iosDojo/iosDojo-Info.plist";
				PRODUCT_NAME = "$(TARGET_NAME)";
				WRAPPER_EXTENSION = app;
			};
			name = Release;
		};
		414E952D1932BB240071A840 /* Debug */ = {
			isa = XCBuildConfiguration;
			buildSettings = {
				BUNDLE_LOADER = "$(BUILT_PRODUCTS_DIR)/iosDojo.app/iosDojo";
				FRAMEWORK_SEARCH_PATHS = (
					"$(SDKROOT)/Developer/Library/Frameworks",
					"$(inherited)",
					"$(DEVELOPER_FRAMEWORKS_DIR)",
				);
				GCC_PRECOMPILE_PREFIX_HEADER = YES;
				GCC_PREFIX_HEADER = "iosDojo/iosDojo-Prefix.pch";
				GCC_PREPROCESSOR_DEFINITIONS = (
					"DEBUG=1",
					"$(inherited)",
				);
				INFOPLIST_FILE = "iosDojoTests/iosDojoTests-Info.plist";
				PRODUCT_NAME = "$(TARGET_NAME)";
				TEST_HOST = "$(BUNDLE_LOADER)";
				WRAPPER_EXTENSION = xctest;
			};
			name = Debug;
		};
		414E952E1932BB240071A840 /* Release */ = {
			isa = XCBuildConfiguration;
			buildSettings = {
				BUNDLE_LOADER = "$(BUILT_PRODUCTS_DIR)/iosDojo.app/iosDojo";
				FRAMEWORK_SEARCH_PATHS = (
					"$(SDKROOT)/Developer/Library/Frameworks",
					"$(inherited)",
					"$(DEVELOPER_FRAMEWORKS_DIR)",
				);
				GCC_PRECOMPILE_PREFIX_HEADER = YES;
				GCC_PREFIX_HEADER = "iosDojo/iosDojo-Prefix.pch";
				INFOPLIST_FILE = "iosDojoTests/iosDojoTests-Info.plist";
				PRODUCT_NAME = "$(TARGET_NAME)";
				TEST_HOST = "$(BUNDLE_LOADER)";
				WRAPPER_EXTENSION = xctest;
			};
			name = Release;
		};
/* End XCBuildConfiguration section */

/* Begin XCConfigurationList section */
		414E94F21932BB240071A840 /* Build configuration list for PBXProject "iosDojo" */ = {
			isa = XCConfigurationList;
			buildConfigurations = (
				414E95271932BB240071A840 /* Debug */,
				414E95281932BB240071A840 /* Release */,
			);
			defaultConfigurationIsVisible = 0;
			defaultConfigurationName = Release;
		};
		414E95291932BB240071A840 /* Build configuration list for PBXNativeTarget "iosDojo" */ = {
			isa = XCConfigurationList;
			buildConfigurations = (
				414E952A1932BB240071A840 /* Debug */,
				414E952B1932BB240071A840 /* Release */,
			);
			defaultConfigurationIsVisible = 0;
		};
		414E952C1932BB240071A840 /* Build configuration list for PBXNativeTarget "iosDojoTests" */ = {
			isa = XCConfigurationList;
			buildConfigurations = (
				414E952D1932BB240071A840 /* Debug */,
				414E952E1932BB240071A840 /* Release */,
			);
			defaultConfigurationIsVisible = 0;
		};
/* End XCConfigurationList section */
	};
	rootObject = 414E94EF1932BB240071A840 /* Project object */;
}
