// !$*UTF8*$!
{
	archiveVersion = 1;
	classes = {
	};
	objectVersion = 46;
	objects = {

/* Begin PBXBuildFile section */
		4165C8CB19401C1C001F014B /* AppDelegate.swift in Sources */ = {isa = PBXBuildFile; fileRef = 4165C8CA19401C1C001F014B /* AppDelegate.swift */; };
		4165C8CD19401C1C001F014B /* ViewController.swift in Sources */ = {isa = PBXBuildFile; fileRef = 4165C8CC19401C1C001F014B /* ViewController.swift */; };
		4165C8D019401C1C001F014B /* Main.storyboard in Resources */ = {isa = PBXBuildFile; fileRef = 4165C8CE19401C1C001F014B /* Main.storyboard */; };
		4165C8D219401C1C001F014B /* Images.xcassets in Resources */ = {isa = PBXBuildFile; fileRef = 4165C8D119401C1C001F014B /* Images.xcassets */; };
		4165C8DE19401C1C001F014B /* TestFaceTests.swift in Sources */ = {isa = PBXBuildFile; fileRef = 4165C8DD19401C1C001F014B /* TestFaceTests.swift */; };
/* End PBXBuildFile section */

/* Begin PBXContainerItemProxy section */
		4165C8D819401C1C001F014B /* PBXContainerItemProxy */ = {
			isa = PBXContainerItemProxy;
			containerPortal = 4165C8BD19401C1B001F014B /* Project object */;
			proxyType = 1;
			remoteGlobalIDString = 4165C8C419401C1B001F014B;
			remoteInfo = TestFace;
		};
/* End PBXContainerItemProxy section */

/* Begin PBXFileReference section */
		4165C8C519401C1C001F014B /* TestFace.app */ = {isa = PBXFileReference; explicitFileType = wrapper.application; includeInIndex = 0; path = TestFace.app; sourceTree = BUILT_PRODUCTS_DIR; };
		4165C8C919401C1C001F014B /* Info.plist */ = {isa = PBXFileReference; lastKnownFileType = text.plist.xml; path = Info.plist; sourceTree = "<group>"; };
		4165C8CA19401C1C001F014B /* AppDelegate.swift */ = {isa = PBXFileReference; lastKnownFileType = sourcecode.swift; path = AppDelegate.swift; sourceTree = "<group>"; };
		4165C8CC19401C1C001F014B /* ViewController.swift */ = {isa = PBXFileReference; lastKnownFileType = sourcecode.swift; path = ViewController.swift; sourceTree = "<group>"; };
		4165C8CF19401C1C001F014B /* Base */ = {isa = PBXFileReference; lastKnownFileType = file.storyboard; name = Base; path = Base.lproj/Main.storyboard; sourceTree = "<group>"; };
		4165C8D119401C1C001F014B /* Images.xcassets */ = {isa = PBXFileReference; lastKnownFileType = folder.assetcatalog; path = Images.xcassets; sourceTree = "<group>"; };
		4165C8D719401C1C001F014B /* TestFaceTests.xctest */ = {isa = PBXFileReference; explicitFileType = wrapper.cfbundle; includeInIndex = 0; path = TestFaceTests.xctest; sourceTree = BUILT_PRODUCTS_DIR; };
		4165C8DC19401C1C001F014B /* Info.plist */ = {isa = PBXFileReference; lastKnownFileType = text.plist.xml; path = Info.plist; sourceTree = "<group>"; };
		4165C8DD19401C1C001F014B /* TestFaceTests.swift */ = {isa = PBXFileReference; lastKnownFileType = sourcecode.swift; path = TestFaceTests.swift; sourceTree = "<group>"; };
/* End PBXFileReference section */

/* Begin PBXFrameworksBuildPhase section */
		4165C8C219401C1B001F014B /* Frameworks */ = {
			isa = PBXFrameworksBuildPhase;
			buildActionMask = 2147483647;
			files = (
			);
			runOnlyForDeploymentPostprocessing = 0;
		};
		4165C8D419401C1C001F014B /* Frameworks */ = {
			isa = PBXFrameworksBuildPhase;
			buildActionMask = 2147483647;
			files = (
			);
			runOnlyForDeploymentPostprocessing = 0;
		};
/* End PBXFrameworksBuildPhase section */

/* Begin PBXGroup section */
		4165C8BC19401C1B001F014B = {
			isa = PBXGroup;
			children = (
				4165C8C719401C1C001F014B /* TestFace */,
				4165C8DA19401C1C001F014B /* TestFaceTests */,
				4165C8C619401C1C001F014B /* Products */,
			);
			sourceTree = "<group>";
		};
		4165C8C619401C1C001F014B /* Products */ = {
			isa = PBXGroup;
			children = (
				4165C8C519401C1C001F014B /* TestFace.app */,
				4165C8D719401C1C001F014B /* TestFaceTests.xctest */,
			);
			name = Products;
			sourceTree = "<group>";
		};
		4165C8C719401C1C001F014B /* TestFace */ = {
			isa = PBXGroup;
			children = (
				4165C8CA19401C1C001F014B /* AppDelegate.swift */,
				4165C8CC19401C1C001F014B /* ViewController.swift */,
				4165C8CE19401C1C001F014B /* Main.storyboard */,
				4165C8D119401C1C001F014B /* Images.xcassets */,
				4165C8C819401C1C001F014B /* Supporting Files */,
			);
			path = TestFace;
			sourceTree = "<group>";
		};
		4165C8C819401C1C001F014B /* Supporting Files */ = {
			isa = PBXGroup;
			children = (
				4165C8C919401C1C001F014B /* Info.plist */,
			);
			name = "Supporting Files";
			sourceTree = "<group>";
		};
		4165C8DA19401C1C001F014B /* TestFaceTests */ = {
			isa = PBXGroup;
			children = (
				4165C8DD19401C1C001F014B /* TestFaceTests.swift */,
				4165C8DB19401C1C001F014B /* Supporting Files */,
			);
			path = TestFaceTests;
			sourceTree = "<group>";
		};
		4165C8DB19401C1C001F014B /* Supporting Files */ = {
			isa = PBXGroup;
			children = (
				4165C8DC19401C1C001F014B /* Info.plist */,
			);
			name = "Supporting Files";
			sourceTree = "<group>";
		};
/* End PBXGroup section */

/* Begin PBXNativeTarget section */
		4165C8C419401C1B001F014B /* TestFace */ = {
			isa = PBXNativeTarget;
			buildConfigurationList = 4165C8E119401C1C001F014B /* Build configuration list for PBXNativeTarget "TestFace" */;
			buildPhases = (
				4165C8C119401C1B001F014B /* Sources */,
				4165C8C219401C1B001F014B /* Frameworks */,
				4165C8C319401C1B001F014B /* Resources */,
			);
			buildRules = (
			);
			dependencies = (
			);
			name = TestFace;
			productName = TestFace;
			productReference = 4165C8C519401C1C001F014B /* TestFace.app */;
			productType = "com.apple.product-type.application";
		};
		4165C8D619401C1C001F014B /* TestFaceTests */ = {
			isa = PBXNativeTarget;
			buildConfigurationList = 4165C8E419401C1C001F014B /* Build configuration list for PBXNativeTarget "TestFaceTests" */;
			buildPhases = (
				4165C8D319401C1C001F014B /* Sources */,
				4165C8D419401C1C001F014B /* Frameworks */,
				4165C8D519401C1C001F014B /* Resources */,
			);
			buildRules = (
			);
			dependencies = (
				4165C8D919401C1C001F014B /* PBXTargetDependency */,
			);
			name = TestFaceTests;
			productName = TestFaceTests;
			productReference = 4165C8D719401C1C001F014B /* TestFaceTests.xctest */;
			productType = "com.apple.product-type.bundle.unit-test";
		};
/* End PBXNativeTarget section */

/* Begin PBXProject section */
		4165C8BD19401C1B001F014B /* Project object */ = {
			isa = PBXProject;
			attributes = {
				LastUpgradeCheck = 0600;
				ORGANIZATIONNAME = "Jéferson Machado";
				TargetAttributes = {
					4165C8C419401C1B001F014B = {
						CreatedOnToolsVersion = 6.0;
					};
					4165C8D619401C1C001F014B = {
						CreatedOnToolsVersion = 6.0;
						TestTargetID = 4165C8C419401C1B001F014B;
					};
				};
			};
			buildConfigurationList = 4165C8C019401C1B001F014B /* Build configuration list for PBXProject "TestFace" */;
			compatibilityVersion = "Xcode 3.2";
			developmentRegion = English;
			hasScannedForEncodings = 0;
			knownRegions = (
				en,
				Base,
			);
			mainGroup = 4165C8BC19401C1B001F014B;
			productRefGroup = 4165C8C619401C1C001F014B /* Products */;
			projectDirPath = "";
			projectRoot = "";
			targets = (
				4165C8C419401C1B001F014B /* TestFace */,
				4165C8D619401C1C001F014B /* TestFaceTests */,
			);
		};
/* End PBXProject section */

/* Begin PBXResourcesBuildPhase section */
		4165C8C319401C1B001F014B /* Resources */ = {
			isa = PBXResourcesBuildPhase;
			buildActionMask = 2147483647;
			files = (
				4165C8D019401C1C001F014B /* Main.storyboard in Resources */,
				4165C8D219401C1C001F014B /* Images.xcassets in Resources */,
			);
			runOnlyForDeploymentPostprocessing = 0;
		};
		4165C8D519401C1C001F014B /* Resources */ = {
			isa = PBXResourcesBuildPhase;
			buildActionMask = 2147483647;
			files = (
			);
			runOnlyForDeploymentPostprocessing = 0;
		};
/* End PBXResourcesBuildPhase section */

/* Begin PBXSourcesBuildPhase section */
		4165C8C119401C1B001F014B /* Sources */ = {
			isa = PBXSourcesBuildPhase;
			buildActionMask = 2147483647;
			files = (
				4165C8CD19401C1C001F014B /* ViewController.swift in Sources */,
				4165C8CB19401C1C001F014B /* AppDelegate.swift in Sources */,
			);
			runOnlyForDeploymentPostprocessing = 0;
		};
		4165C8D319401C1C001F014B /* Sources */ = {
			isa = PBXSourcesBuildPhase;
			buildActionMask = 2147483647;
			files = (
				4165C8DE19401C1C001F014B /* TestFaceTests.swift in Sources */,
			);
			runOnlyForDeploymentPostprocessing = 0;
		};
/* End PBXSourcesBuildPhase section */

/* Begin PBXTargetDependency section */
		4165C8D919401C1C001F014B /* PBXTargetDependency */ = {
			isa = PBXTargetDependency;
			target = 4165C8C419401C1B001F014B /* TestFace */;
			targetProxy = 4165C8D819401C1C001F014B /* PBXContainerItemProxy */;
		};
/* End PBXTargetDependency section */

/* Begin PBXVariantGroup section */
		4165C8CE19401C1C001F014B /* Main.storyboard */ = {
			isa = PBXVariantGroup;
			children = (
				4165C8CF19401C1C001F014B /* Base */,
			);
			name = Main.storyboard;
			sourceTree = "<group>";
		};
/* End PBXVariantGroup section */

/* Begin XCBuildConfiguration section */
		4165C8DF19401C1C001F014B /* Debug */ = {
			isa = XCBuildConfiguration;
			buildSettings = {
				ALWAYS_SEARCH_USER_PATHS = NO;
				CLANG_CXX_LANGUAGE_STANDARD = "gnu++0x";
				CLANG_CXX_LIBRARY = "libc++";
				CLANG_ENABLE_MODULES = YES;
				CLANG_ENABLE_OBJC_ARC = YES;
				CLANG_WARN_BOOL_CONVERSION = YES;
				CLANG_WARN_CONSTANT_CONVERSION = YES;
				CLANG_WARN_DIRECT_OBJC_ISA_USAGE = YES_ERROR;
				CLANG_WARN_EMPTY_BODY = YES;
				CLANG_WARN_ENUM_CONVERSION = YES;
				CLANG_WARN_INT_CONVERSION = YES;
				CLANG_WARN_OBJC_ROOT_CLASS = YES_ERROR;
				CLANG_WARN_UNREACHABLE_CODE = YES;
				CLANG_WARN__DUPLICATE_METHOD_MATCH = YES;
				"CODE_SIGN_IDENTITY[sdk=iphoneos*]" = "iPhone Developer";
				COPY_PHASE_STRIP = NO;
				ENABLE_STRICT_OBJC_MSGSEND = YES;
				GCC_C_LANGUAGE_STANDARD = gnu99;
				GCC_DYNAMIC_NO_PIC = NO;
				GCC_OPTIMIZATION_LEVEL = 0;
				GCC_PREPROCESSOR_DEFINITIONS = (
					"DEBUG=1",
					"$(inherited)",
				);
				GCC_SYMBOLS_PRIVATE_EXTERN = NO;
				GCC_WARN_64_TO_32_BIT_CONVERSION = YES;
				GCC_WARN_ABOUT_RETURN_TYPE = YES_ERROR;
				GCC_WARN_UNDECLARED_SELECTOR = YES;
				GCC_WARN_UNINITIALIZED_AUTOS = YES_AGGRESSIVE;
				GCC_WARN_UNUSED_FUNCTION = YES;
				GCC_WARN_UNUSED_VARIABLE = YES;
				IPHONEOS_DEPLOYMENT_TARGET = 8.0;
				METAL_ENABLE_DEBUG_INFO = YES;
				ONLY_ACTIVE_ARCH = YES;
				SDKROOT = iphoneos;
				SWIFT_OPTIMIZATION_LEVEL = "-Onone";
			};
			name = Debug;
		};
		4165C8E019401C1C001F014B /* Release */ = {
			isa = XCBuildConfiguration;
			buildSettings = {
				ALWAYS_SEARCH_USER_PATHS = NO;
				CLANG_CXX_LANGUAGE_STANDARD = "gnu++0x";
				CLANG_CXX_LIBRARY = "libc++";
				CLANG_ENABLE_MODULES = YES;
				CLANG_ENABLE_OBJC_ARC = YES;
				CLANG_WARN_BOOL_CONVERSION = YES;
				CLANG_WARN_CONSTANT_CONVERSION = YES;
				CLANG_WARN_DIRECT_OBJC_ISA_USAGE = YES_ERROR;
				CLANG_WARN_EMPTY_BODY = YES;
				CLANG_WARN_ENUM_CONVERSION = YES;
				CLANG_WARN_INT_CONVERSION = YES;
				CLANG_WARN_OBJC_ROOT_CLASS = YES_ERROR;
				CLANG_WARN_UNREACHABLE_CODE = YES;
				CLANG_WARN__DUPLICATE_METHOD_MATCH = YES;
				"CODE_SIGN_IDENTITY[sdk=iphoneos*]" = "iPhone Developer";
				COPY_PHASE_STRIP = YES;
				ENABLE_NS_ASSERTIONS = NO;
				ENABLE_STRICT_OBJC_MSGSEND = YES;
				GCC_C_LANGUAGE_STANDARD = gnu99;
				GCC_WARN_64_TO_32_BIT_CONVERSION = YES;
				GCC_WARN_ABOUT_RETURN_TYPE = YES_ERROR;
				GCC_WARN_UNDECLARED_SELECTOR = YES;
				GCC_WARN_UNINITIALIZED_AUTOS = YES_AGGRESSIVE;
				GCC_WARN_UNUSED_FUNCTION = YES;
				GCC_WARN_UNUSED_VARIABLE = YES;
				IPHONEOS_DEPLOYMENT_TARGET = 8.0;
				METAL_ENABLE_DEBUG_INFO = NO;
				SDKROOT = iphoneos;
				VALIDATE_PRODUCT = YES;
			};
			name = Release;
		};
		4165C8E219401C1C001F014B /* Debug */ = {
			isa = XCBuildConfiguration;
			buildSettings = {
				ASSETCATALOG_COMPILER_APPICON_NAME = AppIcon;
				ASSETCATALOG_COMPILER_LAUNCHIMAGE_NAME = LaunchImage;
				INFOPLIST_FILE = TestFace/Info.plist;
				LD_RUNPATH_SEARCH_PATHS = "$(inherited) @executable_path/Frameworks";
				PRODUCT_NAME = "$(TARGET_NAME)";
			};
			name = Debug;
		};
		4165C8E319401C1C001F014B /* Release */ = {
			isa = XCBuildConfiguration;
			buildSettings = {
				ASSETCATALOG_COMPILER_APPICON_NAME = AppIcon;
				ASSETCATALOG_COMPILER_LAUNCHIMAGE_NAME = LaunchImage;
				INFOPLIST_FILE = TestFace/Info.plist;
				LD_RUNPATH_SEARCH_PATHS = "$(inherited) @executable_path/Frameworks";
				PRODUCT_NAME = "$(TARGET_NAME)";
			};
			name = Release;
		};
		4165C8E519401C1C001F014B /* Debug */ = {
			isa = XCBuildConfiguration;
			buildSettings = {
				BUNDLE_LOADER = "$(BUILT_PRODUCTS_DIR)/TestFace.app/TestFace";
				FRAMEWORK_SEARCH_PATHS = (
					"$(SDKROOT)/Developer/Library/Frameworks",
					"$(inherited)",
				);
				GCC_PREPROCESSOR_DEFINITIONS = (
					"DEBUG=1",
					"$(inherited)",
				);
				INFOPLIST_FILE = TestFaceTests/Info.plist;
				LD_RUNPATH_SEARCH_PATHS = "$(inherited) @executable_path/Frameworks @loader_path/Frameworks";
				METAL_ENABLE_DEBUG_INFO = YES;
				PRODUCT_NAME = "$(TARGET_NAME)";
				TEST_HOST = "$(BUNDLE_LOADER)";
			};
			name = Debug;
		};
		4165C8E619401C1C001F014B /* Release */ = {
			isa = XCBuildConfiguration;
			buildSettings = {
				BUNDLE_LOADER = "$(BUILT_PRODUCTS_DIR)/TestFace.app/TestFace";
				FRAMEWORK_SEARCH_PATHS = (
					"$(SDKROOT)/Developer/Library/Frameworks",
					"$(inherited)",
				);
				INFOPLIST_FILE = TestFaceTests/Info.plist;
				LD_RUNPATH_SEARCH_PATHS = "$(inherited) @executable_path/Frameworks @loader_path/Frameworks";
				METAL_ENABLE_DEBUG_INFO = NO;
				PRODUCT_NAME = "$(TARGET_NAME)";
				TEST_HOST = "$(BUNDLE_LOADER)";
			};
			name = Release;
		};
/* End XCBuildConfiguration section */

/* Begin XCConfigurationList section */
		4165C8C019401C1B001F014B /* Build configuration list for PBXProject "TestFace" */ = {
			isa = XCConfigurationList;
			buildConfigurations = (
				4165C8DF19401C1C001F014B /* Debug */,
				4165C8E019401C1C001F014B /* Release */,
			);
			defaultConfigurationIsVisible = 0;
			defaultConfigurationName = Release;
		};
		4165C8E119401C1C001F014B /* Build configuration list for PBXNativeTarget "TestFace" */ = {
			isa = XCConfigurationList;
			buildConfigurations = (
				4165C8E219401C1C001F014B /* Debug */,
				4165C8E319401C1C001F014B /* Release */,
			);
			defaultConfigurationIsVisible = 0;
		};
		4165C8E419401C1C001F014B /* Build configuration list for PBXNativeTarget "TestFaceTests" */ = {
			isa = XCConfigurationList;
			buildConfigurations = (
				4165C8E519401C1C001F014B /* Debug */,
				4165C8E619401C1C001F014B /* Release */,
			);
			defaultConfigurationIsVisible = 0;
		};
/* End XCConfigurationList section */
	};
	rootObject = 4165C8BD19401C1B001F014B /* Project object */;
}
