// !$*UTF8*$!
{
	archiveVersion = 1;
	classes = {
	};
	objectVersion = 46;
	objects = {

/* Begin PBXBuildFile section */
		414E94B91932B9950071A840 /* Foundation.framework in Frameworks */ = {isa = PBXBuildFile; fileRef = 414E94B81932B9950071A840 /* Foundation.framework */; };
		414E94BB1932B9950071A840 /* CoreGraphics.framework in Frameworks */ = {isa = PBXBuildFile; fileRef = 414E94BA1932B9950071A840 /* CoreGraphics.framework */; };
		414E94BD1932B9950071A840 /* UIKit.framework in Frameworks */ = {isa = PBXBuildFile; fileRef = 414E94BC1932B9950071A840 /* UIKit.framework */; };
		414E94C31932B9950071A840 /* InfoPlist.strings in Resources */ = {isa = PBXBuildFile; fileRef = 414E94C11932B9950071A840 /* InfoPlist.strings */; };
		414E94C51932B9950071A840 /* main.m in Sources */ = {isa = PBXBuildFile; fileRef = 414E94C41932B9950071A840 /* main.m */; };
		414E94C91932B9950071A840 /* dojoAppDelegate.m in Sources */ = {isa = PBXBuildFile; fileRef = 414E94C81932B9950071A840 /* dojoAppDelegate.m */; };
		414E94CC1932B9950071A840 /* Main.storyboard in Resources */ = {isa = PBXBuildFile; fileRef = 414E94CA1932B9950071A840 /* Main.storyboard */; };
		414E94CF1932B9950071A840 /* dojoViewController.m in Sources */ = {isa = PBXBuildFile; fileRef = 414E94CE1932B9950071A840 /* dojoViewController.m */; };
		414E94D11932B9950071A840 /* Images.xcassets in Resources */ = {isa = PBXBuildFile; fileRef = 414E94D01932B9950071A840 /* Images.xcassets */; };
		414E94D81932B9950071A840 /* XCTest.framework in Frameworks */ = {isa = PBXBuildFile; fileRef = 414E94D71932B9950071A840 /* XCTest.framework */; };
		414E94D91932B9950071A840 /* Foundation.framework in Frameworks */ = {isa = PBXBuildFile; fileRef = 414E94B81932B9950071A840 /* Foundation.framework */; };
		414E94DA1932B9950071A840 /* UIKit.framework in Frameworks */ = {isa = PBXBuildFile; fileRef = 414E94BC1932B9950071A840 /* UIKit.framework */; };
		414E94E21932B9950071A840 /* InfoPlist.strings in Resources */ = {isa = PBXBuildFile; fileRef = 414E94E01932B9950071A840 /* InfoPlist.strings */; };
		414E94E41932B9950071A840 /* dojo_appTests.m in Sources */ = {isa = PBXBuildFile; fileRef = 414E94E31932B9950071A840 /* dojo_appTests.m */; };
/* End PBXBuildFile section */

/* Begin PBXContainerItemProxy section */
		414E94DB1932B9950071A840 /* PBXContainerItemProxy */ = {
			isa = PBXContainerItemProxy;
			containerPortal = 414E94AD1932B9950071A840 /* Project object */;
			proxyType = 1;
			remoteGlobalIDString = 414E94B41932B9950071A840;
			remoteInfo = "dojo-app";
		};
/* End PBXContainerItemProxy section */

/* Begin PBXFileReference section */
		414E94B51932B9950071A840 /* dojo-app.app */ = {isa = PBXFileReference; explicitFileType = wrapper.application; includeInIndex = 0; path = "dojo-app.app"; sourceTree = BUILT_PRODUCTS_DIR; };
		414E94B81932B9950071A840 /* Foundation.framework */ = {isa = PBXFileReference; lastKnownFileType = wrapper.framework; name = Foundation.framework; path = System/Library/Frameworks/Foundation.framework; sourceTree = SDKROOT; };
		414E94BA1932B9950071A840 /* CoreGraphics.framework */ = {isa = PBXFileReference; lastKnownFileType = wrapper.framework; name = CoreGraphics.framework; path = System/Library/Frameworks/CoreGraphics.framework; sourceTree = SDKROOT; };
		414E94BC1932B9950071A840 /* UIKit.framework */ = {isa = PBXFileReference; lastKnownFileType = wrapper.framework; name = UIKit.framework; path = System/Library/Frameworks/UIKit.framework; sourceTree = SDKROOT; };
		414E94C01932B9950071A840 /* dojo-app-Info.plist */ = {isa = PBXFileReference; lastKnownFileType = text.plist.xml; path = "dojo-app-Info.plist"; sourceTree = "<group>"; };
		414E94C21932B9950071A840 /* en */ = {isa = PBXFileReference; lastKnownFileType = text.plist.strings; name = en; path = en.lproj/InfoPlist.strings; sourceTree = "<group>"; };
		414E94C41932B9950071A840 /* main.m */ = {isa = PBXFileReference; lastKnownFileType = sourcecode.c.objc; path = main.m; sourceTree = "<group>"; };
		414E94C61932B9950071A840 /* dojo-app-Prefix.pch */ = {isa = PBXFileReference; lastKnownFileType = sourcecode.c.h; path = "dojo-app-Prefix.pch"; sourceTree = "<group>"; };
		414E94C71932B9950071A840 /* dojoAppDelegate.h */ = {isa = PBXFileReference; lastKnownFileType = sourcecode.c.h; path = dojoAppDelegate.h; sourceTree = "<group>"; };
		414E94C81932B9950071A840 /* dojoAppDelegate.m */ = {isa = PBXFileReference; lastKnownFileType = sourcecode.c.objc; path = dojoAppDelegate.m; sourceTree = "<group>"; };
		414E94CB1932B9950071A840 /* Base */ = {isa = PBXFileReference; lastKnownFileType = file.storyboard; name = Base; path = Base.lproj/Main.storyboard; sourceTree = "<group>"; };
		414E94CD1932B9950071A840 /* dojoViewController.h */ = {isa = PBXFileReference; lastKnownFileType = sourcecode.c.h; path = dojoViewController.h; sourceTree = "<group>"; };
		414E94CE1932B9950071A840 /* dojoViewController.m */ = {isa = PBXFileReference; lastKnownFileType = sourcecode.c.objc; path = dojoViewController.m; sourceTree = "<group>"; };
		414E94D01932B9950071A840 /* Images.xcassets */ = {isa = PBXFileReference; lastKnownFileType = folder.assetcatalog; path = Images.xcassets; sourceTree = "<group>"; };
		414E94D61932B9950071A840 /* dojo-appTests.xctest */ = {isa = PBXFileReference; explicitFileType = wrapper.cfbundle; includeInIndex = 0; path = "dojo-appTests.xctest"; sourceTree = BUILT_PRODUCTS_DIR; };
		414E94D71932B9950071A840 /* XCTest.framework */ = {isa = PBXFileReference; lastKnownFileType = wrapper.framework; name = XCTest.framework; path = Library/Frameworks/XCTest.framework; sourceTree = DEVELOPER_DIR; };
		414E94DF1932B9950071A840 /* dojo-appTests-Info.plist */ = {isa = PBXFileReference; lastKnownFileType = text.plist.xml; path = "dojo-appTests-Info.plist"; sourceTree = "<group>"; };
		414E94E11932B9950071A840 /* en */ = {isa = PBXFileReference; lastKnownFileType = text.plist.strings; name = en; path = en.lproj/InfoPlist.strings; sourceTree = "<group>"; };
		414E94E31932B9950071A840 /* dojo_appTests.m */ = {isa = PBXFileReference; lastKnownFileType = sourcecode.c.objc; path = dojo_appTests.m; sourceTree = "<group>"; };
/* End PBXFileReference section */

/* Begin PBXFrameworksBuildPhase section */
		414E94B21932B9950071A840 /* Frameworks */ = {
			isa = PBXFrameworksBuildPhase;
			buildActionMask = 2147483647;
			files = (
				414E94BB1932B9950071A840 /* CoreGraphics.framework in Frameworks */,
				414E94BD1932B9950071A840 /* UIKit.framework in Frameworks */,
				414E94B91932B9950071A840 /* Foundation.framework in Frameworks */,
			);
			runOnlyForDeploymentPostprocessing = 0;
		};
		414E94D31932B9950071A840 /* Frameworks */ = {
			isa = PBXFrameworksBuildPhase;
			buildActionMask = 2147483647;
			files = (
				414E94D81932B9950071A840 /* XCTest.framework in Frameworks */,
				414E94DA1932B9950071A840 /* UIKit.framework in Frameworks */,
				414E94D91932B9950071A840 /* Foundation.framework in Frameworks */,
			);
			runOnlyForDeploymentPostprocessing = 0;
		};
/* End PBXFrameworksBuildPhase section */

/* Begin PBXGroup section */
		414E94AC1932B9950071A840 = {
			isa = PBXGroup;
			children = (
				414E94BE1932B9950071A840 /* dojo-app */,
				414E94DD1932B9950071A840 /* dojo-appTests */,
				414E94B71932B9950071A840 /* Frameworks */,
				414E94B61932B9950071A840 /* Products */,
			);
			sourceTree = "<group>";
		};
		414E94B61932B9950071A840 /* Products */ = {
			isa = PBXGroup;
			children = (
				414E94B51932B9950071A840 /* dojo-app.app */,
				414E94D61932B9950071A840 /* dojo-appTests.xctest */,
			);
			name = Products;
			sourceTree = "<group>";
		};
		414E94B71932B9950071A840 /* Frameworks */ = {
			isa = PBXGroup;
			children = (
				414E94B81932B9950071A840 /* Foundation.framework */,
				414E94BA1932B9950071A840 /* CoreGraphics.framework */,
				414E94BC1932B9950071A840 /* UIKit.framework */,
				414E94D71932B9950071A840 /* XCTest.framework */,
			);
			name = Frameworks;
			sourceTree = "<group>";
		};
		414E94BE1932B9950071A840 /* dojo-app */ = {
			isa = PBXGroup;
			children = (
				414E94C71932B9950071A840 /* dojoAppDelegate.h */,
				414E94C81932B9950071A840 /* dojoAppDelegate.m */,
				414E94CA1932B9950071A840 /* Main.storyboard */,
				414E94CD1932B9950071A840 /* dojoViewController.h */,
				414E94CE1932B9950071A840 /* dojoViewController.m */,
				414E94D01932B9950071A840 /* Images.xcassets */,
				414E94BF1932B9950071A840 /* Supporting Files */,
			);
			path = "dojo-app";
			sourceTree = "<group>";
		};
		414E94BF1932B9950071A840 /* Supporting Files */ = {
			isa = PBXGroup;
			children = (
				414E94C01932B9950071A840 /* dojo-app-Info.plist */,
				414E94C11932B9950071A840 /* InfoPlist.strings */,
				414E94C41932B9950071A840 /* main.m */,
				414E94C61932B9950071A840 /* dojo-app-Prefix.pch */,
			);
			name = "Supporting Files";
			sourceTree = "<group>";
		};
		414E94DD1932B9950071A840 /* dojo-appTests */ = {
			isa = PBXGroup;
			children = (
				414E94E31932B9950071A840 /* dojo_appTests.m */,
				414E94DE1932B9950071A840 /* Supporting Files */,
			);
			path = "dojo-appTests";
			sourceTree = "<group>";
		};
		414E94DE1932B9950071A840 /* Supporting Files */ = {
			isa = PBXGroup;
			children = (
				414E94DF1932B9950071A840 /* dojo-appTests-Info.plist */,
				414E94E01932B9950071A840 /* InfoPlist.strings */,
			);
			name = "Supporting Files";
			sourceTree = "<group>";
		};
/* End PBXGroup section */

/* Begin PBXNativeTarget section */
		414E94B41932B9950071A840 /* dojo-app */ = {
			isa = PBXNativeTarget;
			buildConfigurationList = 414E94E71932B9950071A840 /* Build configuration list for PBXNativeTarget "dojo-app" */;
			buildPhases = (
				414E94B11932B9950071A840 /* Sources */,
				414E94B21932B9950071A840 /* Frameworks */,
				414E94B31932B9950071A840 /* Resources */,
			);
			buildRules = (
			);
			dependencies = (
			);
			name = "dojo-app";
			productName = "dojo-app";
			productReference = 414E94B51932B9950071A840 /* dojo-app.app */;
			productType = "com.apple.product-type.application";
		};
		414E94D51932B9950071A840 /* dojo-appTests */ = {
			isa = PBXNativeTarget;
			buildConfigurationList = 414E94EA1932B9950071A840 /* Build configuration list for PBXNativeTarget "dojo-appTests" */;
			buildPhases = (
				414E94D21932B9950071A840 /* Sources */,
				414E94D31932B9950071A840 /* Frameworks */,
				414E94D41932B9950071A840 /* Resources */,
			);
			buildRules = (
			);
			dependencies = (
				414E94DC1932B9950071A840 /* PBXTargetDependency */,
			);
			name = "dojo-appTests";
			productName = "dojo-appTests";
			productReference = 414E94D61932B9950071A840 /* dojo-appTests.xctest */;
			productType = "com.apple.product-type.bundle.unit-test";
		};
/* End PBXNativeTarget section */

/* Begin PBXProject section */
		414E94AD1932B9950071A840 /* Project object */ = {
			isa = PBXProject;
			attributes = {
				CLASSPREFIX = dojo;
				LastUpgradeCheck = 0510;
				ORGANIZATIONNAME = "Jéferson Machado";
				TargetAttributes = {
					414E94D51932B9950071A840 = {
						TestTargetID = 414E94B41932B9950071A840;
					};
				};
			};
			buildConfigurationList = 414E94B01932B9950071A840 /* Build configuration list for PBXProject "dojo-app" */;
			compatibilityVersion = "Xcode 3.2";
			developmentRegion = English;
			hasScannedForEncodings = 0;
			knownRegions = (
				en,
				Base,
			);
			mainGroup = 414E94AC1932B9950071A840;
			productRefGroup = 414E94B61932B9950071A840 /* Products */;
			projectDirPath = "";
			projectRoot = "";
			targets = (
				414E94B41932B9950071A840 /* dojo-app */,
				414E94D51932B9950071A840 /* dojo-appTests */,
			);
		};
/* End PBXProject section */

/* Begin PBXResourcesBuildPhase section */
		414E94B31932B9950071A840 /* Resources */ = {
			isa = PBXResourcesBuildPhase;
			buildActionMask = 2147483647;
			files = (
				414E94D11932B9950071A840 /* Images.xcassets in Resources */,
				414E94C31932B9950071A840 /* InfoPlist.strings in Resources */,
				414E94CC1932B9950071A840 /* Main.storyboard in Resources */,
			);
			runOnlyForDeploymentPostprocessing = 0;
		};
		414E94D41932B9950071A840 /* Resources */ = {
			isa = PBXResourcesBuildPhase;
			buildActionMask = 2147483647;
			files = (
				414E94E21932B9950071A840 /* InfoPlist.strings in Resources */,
			);
			runOnlyForDeploymentPostprocessing = 0;
		};
/* End PBXResourcesBuildPhase section */

/* Begin PBXSourcesBuildPhase section */
		414E94B11932B9950071A840 /* Sources */ = {
			isa = PBXSourcesBuildPhase;
			buildActionMask = 2147483647;
			files = (
				414E94C91932B9950071A840 /* dojoAppDelegate.m in Sources */,
				414E94CF1932B9950071A840 /* dojoViewController.m in Sources */,
				414E94C51932B9950071A840 /* main.m in Sources */,
			);
			runOnlyForDeploymentPostprocessing = 0;
		};
		414E94D21932B9950071A840 /* Sources */ = {
			isa = PBXSourcesBuildPhase;
			buildActionMask = 2147483647;
			files = (
				414E94E41932B9950071A840 /* dojo_appTests.m in Sources */,
			);
			runOnlyForDeploymentPostprocessing = 0;
		};
/* End PBXSourcesBuildPhase section */

/* Begin PBXTargetDependency section */
		414E94DC1932B9950071A840 /* PBXTargetDependency */ = {
			isa = PBXTargetDependency;
			target = 414E94B41932B9950071A840 /* dojo-app */;
			targetProxy = 414E94DB1932B9950071A840 /* PBXContainerItemProxy */;
		};
/* End PBXTargetDependency section */

/* Begin PBXVariantGroup section */
		414E94C11932B9950071A840 /* InfoPlist.strings */ = {
			isa = PBXVariantGroup;
			children = (
				414E94C21932B9950071A840 /* en */,
			);
			name = InfoPlist.strings;
			sourceTree = "<group>";
		};
		414E94CA1932B9950071A840 /* Main.storyboard */ = {
			isa = PBXVariantGroup;
			children = (
				414E94CB1932B9950071A840 /* Base */,
			);
			name = Main.storyboard;
			sourceTree = "<group>";
		};
		414E94E01932B9950071A840 /* InfoPlist.strings */ = {
			isa = PBXVariantGroup;
			children = (
				414E94E11932B9950071A840 /* en */,
			);
			name = InfoPlist.strings;
			sourceTree = "<group>";
		};
/* End PBXVariantGroup section */

/* Begin XCBuildConfiguration section */
		414E94E51932B9950071A840 /* Debug */ = {
			isa = XCBuildConfiguration;
			buildSettings = {
				ALWAYS_SEARCH_USER_PATHS = NO;
				CLANG_CXX_LANGUAGE_STANDARD = "gnu++0x";
				CLANG_CXX_LIBRARY = "libc++";
				CLANG_ENABLE_MODULES = YES;
				CLANG_ENABLE_OBJC_ARC = YES;
				CLANG_WARN_BOOL_CONVERSION = YES;
				CLANG_WARN_CONSTANT_CONVERSION = YES;
				CLANG_WARN_DIRECT_OBJC_ISA_USAGE = YES_ERROR;
				CLANG_WARN_EMPTY_BODY = YES;
				CLANG_WARN_ENUM_CONVERSION = YES;
				CLANG_WARN_INT_CONVERSION = YES;
				CLANG_WARN_OBJC_ROOT_CLASS = YES_ERROR;
				CLANG_WARN__DUPLICATE_METHOD_MATCH = YES;
				"CODE_SIGN_IDENTITY[sdk=iphoneos*]" = "iPhone Developer";
				COPY_PHASE_STRIP = NO;
				GCC_C_LANGUAGE_STANDARD = gnu99;
				GCC_DYNAMIC_NO_PIC = NO;
				GCC_OPTIMIZATION_LEVEL = 0;
				GCC_PREPROCESSOR_DEFINITIONS = (
					"DEBUG=1",
					"$(inherited)",
				);
				GCC_SYMBOLS_PRIVATE_EXTERN = NO;
				GCC_WARN_64_TO_32_BIT_CONVERSION = YES;
				GCC_WARN_ABOUT_RETURN_TYPE = YES_ERROR;
				GCC_WARN_UNDECLARED_SELECTOR = YES;
				GCC_WARN_UNINITIALIZED_AUTOS = YES_AGGRESSIVE;
				GCC_WARN_UNUSED_FUNCTION = YES;
				GCC_WARN_UNUSED_VARIABLE = YES;
				IPHONEOS_DEPLOYMENT_TARGET = 7.1;
				ONLY_ACTIVE_ARCH = YES;
				SDKROOT = iphoneos;
			};
			name = Debug;
		};
		414E94E61932B9950071A840 /* Release */ = {
			isa = XCBuildConfiguration;
			buildSettings = {
				ALWAYS_SEARCH_USER_PATHS = NO;
				CLANG_CXX_LANGUAGE_STANDARD = "gnu++0x";
				CLANG_CXX_LIBRARY = "libc++";
				CLANG_ENABLE_MODULES = YES;
				CLANG_ENABLE_OBJC_ARC = YES;
				CLANG_WARN_BOOL_CONVERSION = YES;
				CLANG_WARN_CONSTANT_CONVERSION = YES;
				CLANG_WARN_DIRECT_OBJC_ISA_USAGE = YES_ERROR;
				CLANG_WARN_EMPTY_BODY = YES;
				CLANG_WARN_ENUM_CONVERSION = YES;
				CLANG_WARN_INT_CONVERSION = YES;
				CLANG_WARN_OBJC_ROOT_CLASS = YES_ERROR;
				CLANG_WARN__DUPLICATE_METHOD_MATCH = YES;
				"CODE_SIGN_IDENTITY[sdk=iphoneos*]" = "iPhone Developer";
				COPY_PHASE_STRIP = YES;
				ENABLE_NS_ASSERTIONS = NO;
				GCC_C_LANGUAGE_STANDARD = gnu99;
				GCC_WARN_64_TO_32_BIT_CONVERSION = YES;
				GCC_WARN_ABOUT_RETURN_TYPE = YES_ERROR;
				GCC_WARN_UNDECLARED_SELECTOR = YES;
				GCC_WARN_UNINITIALIZED_AUTOS = YES_AGGRESSIVE;
				GCC_WARN_UNUSED_FUNCTION = YES;
				GCC_WARN_UNUSED_VARIABLE = YES;
				IPHONEOS_DEPLOYMENT_TARGET = 7.1;
				SDKROOT = iphoneos;
				VALIDATE_PRODUCT = YES;
			};
			name = Release;
		};
		414E94E81932B9950071A840 /* Debug */ = {
			isa = XCBuildConfiguration;
			buildSettings = {
				ASSETCATALOG_COMPILER_APPICON_NAME = AppIcon;
				ASSETCATALOG_COMPILER_LAUNCHIMAGE_NAME = LaunchImage;
				GCC_PRECOMPILE_PREFIX_HEADER = YES;
				GCC_PREFIX_HEADER = "dojo-app/dojo-app-Prefix.pch";
				INFOPLIST_FILE = "dojo-app/dojo-app-Info.plist";
				PRODUCT_NAME = "$(TARGET_NAME)";
				WRAPPER_EXTENSION = app;
			};
			name = Debug;
		};
		414E94E91932B9950071A840 /* Release */ = {
			isa = XCBuildConfiguration;
			buildSettings = {
				ASSETCATALOG_COMPILER_APPICON_NAME = AppIcon;
				ASSETCATALOG_COMPILER_LAUNCHIMAGE_NAME = LaunchImage;
				GCC_PRECOMPILE_PREFIX_HEADER = YES;
				GCC_PREFIX_HEADER = "dojo-app/dojo-app-Prefix.pch";
				INFOPLIST_FILE = "dojo-app/dojo-app-Info.plist";
				PRODUCT_NAME = "$(TARGET_NAME)";
				WRAPPER_EXTENSION = app;
			};
			name = Release;
		};
		414E94EB1932B9950071A840 /* Debug */ = {
			isa = XCBuildConfiguration;
			buildSettings = {
				BUNDLE_LOADER = "$(BUILT_PRODUCTS_DIR)/dojo-app.app/dojo-app";
				FRAMEWORK_SEARCH_PATHS = (
					"$(SDKROOT)/Developer/Library/Frameworks",
					"$(inherited)",
					"$(DEVELOPER_FRAMEWORKS_DIR)",
				);
				GCC_PRECOMPILE_PREFIX_HEADER = YES;
				GCC_PREFIX_HEADER = "dojo-app/dojo-app-Prefix.pch";
				GCC_PREPROCESSOR_DEFINITIONS = (
					"DEBUG=1",
					"$(inherited)",
				);
				INFOPLIST_FILE = "dojo-appTests/dojo-appTests-Info.plist";
				PRODUCT_NAME = "$(TARGET_NAME)";
				TEST_HOST = "$(BUNDLE_LOADER)";
				WRAPPER_EXTENSION = xctest;
			};
			name = Debug;
		};
		414E94EC1932B9950071A840 /* Release */ = {
			isa = XCBuildConfiguration;
			buildSettings = {
				BUNDLE_LOADER = "$(BUILT_PRODUCTS_DIR)/dojo-app.app/dojo-app";
				FRAMEWORK_SEARCH_PATHS = (
					"$(SDKROOT)/Developer/Library/Frameworks",
					"$(inherited)",
					"$(DEVELOPER_FRAMEWORKS_DIR)",
				);
				GCC_PRECOMPILE_PREFIX_HEADER = YES;
				GCC_PREFIX_HEADER = "dojo-app/dojo-app-Prefix.pch";
				INFOPLIST_FILE = "dojo-appTests/dojo-appTests-Info.plist";
				PRODUCT_NAME = "$(TARGET_NAME)";
				TEST_HOST = "$(BUNDLE_LOADER)";
				WRAPPER_EXTENSION = xctest;
			};
			name = Release;
		};
/* End XCBuildConfiguration section */

/* Begin XCConfigurationList section */
		414E94B01932B9950071A840 /* Build configuration list for PBXProject "dojo-app" */ = {
			isa = XCConfigurationList;
			buildConfigurations = (
				414E94E51932B9950071A840 /* Debug */,
				414E94E61932B9950071A840 /* Release */,
			);
			defaultConfigurationIsVisible = 0;
			defaultConfigurationName = Release;
		};
		414E94E71932B9950071A840 /* Build configuration list for PBXNativeTarget "dojo-app" */ = {
			isa = XCConfigurationList;
			buildConfigurations = (
				414E94E81932B9950071A840 /* Debug */,
				414E94E91932B9950071A840 /* Release */,
			);
			defaultConfigurationIsVisible = 0;
		};
		414E94EA1932B9950071A840 /* Build configuration list for PBXNativeTarget "dojo-appTests" */ = {
			isa = XCConfigurationList;
			buildConfigurations = (
				414E94EB1932B9950071A840 /* Debug */,
				414E94EC1932B9950071A840 /* Release */,
			);
			defaultConfigurationIsVisible = 0;
		};
/* End XCConfigurationList section */
	};
	rootObject = 414E94AD1932B9950071A840 /* Project object */;
}
