// !$*UTF8*$!
{
	archiveVersion = 1;
	classes = {
	};
	objectVersion = 46;
	objects = {

/* Begin PBXBuildFile section */
		4D1ECDA01B449E1400B5681D /* main.m in Sources */ = {isa = PBXBuildFile; fileRef = 4D1ECD9F1B449E1400B5681D /* main.m */; };
		4D1ECDA31B449E1400B5681D /* AppDelegate.m in Sources */ = {isa = PBXBuildFile; fileRef = 4D1ECDA21B449E1400B5681D /* AppDelegate.m */; };
		4D1ECDA61B449E1400B5681D /* ViewController.m in Sources */ = {isa = PBXBuildFile; fileRef = 4D1ECDA51B449E1400B5681D /* ViewController.m */; };
		4D1ECDA91B449E1400B5681D /* Main.storyboard in Resources */ = {isa = PBXBuildFile; fileRef = 4D1ECDA71B449E1400B5681D /* Main.storyboard */; };
		4D1ECDAB1B449E1500B5681D /* Images.xcassets in Resources */ = {isa = PBXBuildFile; fileRef = 4D1ECDAA1B449E1400B5681D /* Images.xcassets */; };
		4D1ECDAE1B449E1500B5681D /* LaunchScreen.xib in Resources */ = {isa = PBXBuildFile; fileRef = 4D1ECDAC1B449E1500B5681D /* LaunchScreen.xib */; };
		4D1ECDBA1B449E1500B5681D /* TreinamentoiOSTests.m in Sources */ = {isa = PBXBuildFile; fileRef = 4D1ECDB91B449E1500B5681D /* TreinamentoiOSTests.m */; };
		4D1ECDC71B44AA4500B5681D /* SecondViewController.m in Sources */ = {isa = PBXBuildFile; fileRef = 4D1ECDC61B44AA4500B5681D /* SecondViewController.m */; };
/* End PBXBuildFile section */

/* Begin PBXContainerItemProxy section */
		4D1ECDB41B449E1500B5681D /* PBXContainerItemProxy */ = {
			isa = PBXContainerItemProxy;
			containerPortal = 4D1ECD921B449E1400B5681D /* Project object */;
			proxyType = 1;
			remoteGlobalIDString = 4D1ECD991B449E1400B5681D;
			remoteInfo = TreinamentoiOS;
		};
/* End PBXContainerItemProxy section */

/* Begin PBXFileReference section */
		4D1ECD9A1B449E1400B5681D /* TreinamentoiOS.app */ = {isa = PBXFileReference; explicitFileType = wrapper.application; includeInIndex = 0; path = TreinamentoiOS.app; sourceTree = BUILT_PRODUCTS_DIR; };
		4D1ECD9E1B449E1400B5681D /* Info.plist */ = {isa = PBXFileReference; lastKnownFileType = text.plist.xml; path = Info.plist; sourceTree = "<group>"; };
		4D1ECD9F1B449E1400B5681D /* main.m */ = {isa = PBXFileReference; lastKnownFileType = sourcecode.c.objc; path = main.m; sourceTree = "<group>"; };
		4D1ECDA11B449E1400B5681D /* AppDelegate.h */ = {isa = PBXFileReference; lastKnownFileType = sourcecode.c.h; path = AppDelegate.h; sourceTree = "<group>"; };
		4D1ECDA21B449E1400B5681D /* AppDelegate.m */ = {isa = PBXFileReference; lastKnownFileType = sourcecode.c.objc; path = AppDelegate.m; sourceTree = "<group>"; };
		4D1ECDA41B449E1400B5681D /* ViewController.h */ = {isa = PBXFileReference; lastKnownFileType = sourcecode.c.h; path = ViewController.h; sourceTree = "<group>"; };
		4D1ECDA51B449E1400B5681D /* ViewController.m */ = {isa = PBXFileReference; lastKnownFileType = sourcecode.c.objc; path = ViewController.m; sourceTree = "<group>"; };
		4D1ECDA81B449E1400B5681D /* Base */ = {isa = PBXFileReference; lastKnownFileType = file.storyboard; name = Base; path = Base.lproj/Main.storyboard; sourceTree = "<group>"; };
		4D1ECDAA1B449E1400B5681D /* Images.xcassets */ = {isa = PBXFileReference; lastKnownFileType = folder.assetcatalog; path = Images.xcassets; sourceTree = "<group>"; };
		4D1ECDAD1B449E1500B5681D /* Base */ = {isa = PBXFileReference; lastKnownFileType = file.xib; name = Base; path = Base.lproj/LaunchScreen.xib; sourceTree = "<group>"; };
		4D1ECDB31B449E1500B5681D /* TreinamentoiOSTests.xctest */ = {isa = PBXFileReference; explicitFileType = wrapper.cfbundle; includeInIndex = 0; path = TreinamentoiOSTests.xctest; sourceTree = BUILT_PRODUCTS_DIR; };
		4D1ECDB81B449E1500B5681D /* Info.plist */ = {isa = PBXFileReference; lastKnownFileType = text.plist.xml; path = Info.plist; sourceTree = "<group>"; };
		4D1ECDB91B449E1500B5681D /* TreinamentoiOSTests.m */ = {isa = PBXFileReference; lastKnownFileType = sourcecode.c.objc; path = TreinamentoiOSTests.m; sourceTree = "<group>"; };
		4D1ECDC51B44AA4500B5681D /* SecondViewController.h */ = {isa = PBXFileReference; fileEncoding = 4; lastKnownFileType = sourcecode.c.h; path = SecondViewController.h; sourceTree = "<group>"; };
		4D1ECDC61B44AA4500B5681D /* SecondViewController.m */ = {isa = PBXFileReference; fileEncoding = 4; lastKnownFileType = sourcecode.c.objc; path = SecondViewController.m; sourceTree = "<group>"; };
/* End PBXFileReference section */

/* Begin PBXFrameworksBuildPhase section */
		4D1ECD971B449E1400B5681D /* Frameworks */ = {
			isa = PBXFrameworksBuildPhase;
			buildActionMask = 2147483647;
			files = (
			);
			runOnlyForDeploymentPostprocessing = 0;
		};
		4D1ECDB01B449E1500B5681D /* Frameworks */ = {
			isa = PBXFrameworksBuildPhase;
			buildActionMask = 2147483647;
			files = (
			);
			runOnlyForDeploymentPostprocessing = 0;
		};
/* End PBXFrameworksBuildPhase section */

/* Begin PBXGroup section */
		4D1ECD911B449E1400B5681D = {
			isa = PBXGroup;
			children = (
				4D1ECD9C1B449E1400B5681D /* TreinamentoiOS */,
				4D1ECDB61B449E1500B5681D /* TreinamentoiOSTests */,
				4D1ECD9B1B449E1400B5681D /* Products */,
			);
			sourceTree = "<group>";
		};
		4D1ECD9B1B449E1400B5681D /* Products */ = {
			isa = PBXGroup;
			children = (
				4D1ECD9A1B449E1400B5681D /* TreinamentoiOS.app */,
				4D1ECDB31B449E1500B5681D /* TreinamentoiOSTests.xctest */,
			);
			name = Products;
			sourceTree = "<group>";
		};
		4D1ECD9C1B449E1400B5681D /* TreinamentoiOS */ = {
			isa = PBXGroup;
			children = (
				4D1ECDA11B449E1400B5681D /* AppDelegate.h */,
				4D1ECDA21B449E1400B5681D /* AppDelegate.m */,
				4D1ECDA41B449E1400B5681D /* ViewController.h */,
				4D1ECDA51B449E1400B5681D /* ViewController.m */,
				4D1ECDC51B44AA4500B5681D /* SecondViewController.h */,
				4D1ECDC61B44AA4500B5681D /* SecondViewController.m */,
				4D1ECDA71B449E1400B5681D /* Main.storyboard */,
				4D1ECDAA1B449E1400B5681D /* Images.xcassets */,
				4D1ECDAC1B449E1500B5681D /* LaunchScreen.xib */,
				4D1ECD9D1B449E1400B5681D /* Supporting Files */,
			);
			path = TreinamentoiOS;
			sourceTree = "<group>";
		};
		4D1ECD9D1B449E1400B5681D /* Supporting Files */ = {
			isa = PBXGroup;
			children = (
				4D1ECD9E1B449E1400B5681D /* Info.plist */,
				4D1ECD9F1B449E1400B5681D /* main.m */,
			);
			name = "Supporting Files";
			sourceTree = "<group>";
		};
		4D1ECDB61B449E1500B5681D /* TreinamentoiOSTests */ = {
			isa = PBXGroup;
			children = (
				4D1ECDB91B449E1500B5681D /* TreinamentoiOSTests.m */,
				4D1ECDB71B449E1500B5681D /* Supporting Files */,
			);
			path = TreinamentoiOSTests;
			sourceTree = "<group>";
		};
		4D1ECDB71B449E1500B5681D /* Supporting Files */ = {
			isa = PBXGroup;
			children = (
				4D1ECDB81B449E1500B5681D /* Info.plist */,
			);
			name = "Supporting Files";
			sourceTree = "<group>";
		};
/* End PBXGroup section */

/* Begin PBXNativeTarget section */
		4D1ECD991B449E1400B5681D /* TreinamentoiOS */ = {
			isa = PBXNativeTarget;
			buildConfigurationList = 4D1ECDBD1B449E1500B5681D /* Build configuration list for PBXNativeTarget "TreinamentoiOS" */;
			buildPhases = (
				4D1ECD961B449E1400B5681D /* Sources */,
				4D1ECD971B449E1400B5681D /* Frameworks */,
				4D1ECD981B449E1400B5681D /* Resources */,
			);
			buildRules = (
			);
			dependencies = (
			);
			name = TreinamentoiOS;
			productName = TreinamentoiOS;
			productReference = 4D1ECD9A1B449E1400B5681D /* TreinamentoiOS.app */;
			productType = "com.apple.product-type.application";
		};
		4D1ECDB21B449E1500B5681D /* TreinamentoiOSTests */ = {
			isa = PBXNativeTarget;
			buildConfigurationList = 4D1ECDC01B449E1500B5681D /* Build configuration list for PBXNativeTarget "TreinamentoiOSTests" */;
			buildPhases = (
				4D1ECDAF1B449E1500B5681D /* Sources */,
				4D1ECDB01B449E1500B5681D /* Frameworks */,
				4D1ECDB11B449E1500B5681D /* Resources */,
			);
			buildRules = (
			);
			dependencies = (
				4D1ECDB51B449E1500B5681D /* PBXTargetDependency */,
			);
			name = TreinamentoiOSTests;
			productName = TreinamentoiOSTests;
			productReference = 4D1ECDB31B449E1500B5681D /* TreinamentoiOSTests.xctest */;
			productType = "com.apple.product-type.bundle.unit-test";
		};
/* End PBXNativeTarget section */

/* Begin PBXProject section */
		4D1ECD921B449E1400B5681D /* Project object */ = {
			isa = PBXProject;
			attributes = {
				LastUpgradeCheck = 0640;
				ORGANIZATIONNAME = "Jéferson Machado";
				TargetAttributes = {
					4D1ECD991B449E1400B5681D = {
						CreatedOnToolsVersion = 6.4;
					};
					4D1ECDB21B449E1500B5681D = {
						CreatedOnToolsVersion = 6.4;
						TestTargetID = 4D1ECD991B449E1400B5681D;
					};
				};
			};
			buildConfigurationList = 4D1ECD951B449E1400B5681D /* Build configuration list for PBXProject "TreinamentoiOS" */;
			compatibilityVersion = "Xcode 3.2";
			developmentRegion = English;
			hasScannedForEncodings = 0;
			knownRegions = (
				en,
				Base,
			);
			mainGroup = 4D1ECD911B449E1400B5681D;
			productRefGroup = 4D1ECD9B1B449E1400B5681D /* Products */;
			projectDirPath = "";
			projectRoot = "";
			targets = (
				4D1ECD991B449E1400B5681D /* TreinamentoiOS */,
				4D1ECDB21B449E1500B5681D /* TreinamentoiOSTests */,
			);
		};
/* End PBXProject section */

/* Begin PBXResourcesBuildPhase section */
		4D1ECD981B449E1400B5681D /* Resources */ = {
			isa = PBXResourcesBuildPhase;
			buildActionMask = 2147483647;
			files = (
				4D1ECDA91B449E1400B5681D /* Main.storyboard in Resources */,
				4D1ECDAE1B449E1500B5681D /* LaunchScreen.xib in Resources */,
				4D1ECDAB1B449E1500B5681D /* Images.xcassets in Resources */,
			);
			runOnlyForDeploymentPostprocessing = 0;
		};
		4D1ECDB11B449E1500B5681D /* Resources */ = {
			isa = PBXResourcesBuildPhase;
			buildActionMask = 2147483647;
			files = (
			);
			runOnlyForDeploymentPostprocessing = 0;
		};
/* End PBXResourcesBuildPhase section */

/* Begin PBXSourcesBuildPhase section */
		4D1ECD961B449E1400B5681D /* Sources */ = {
			isa = PBXSourcesBuildPhase;
			buildActionMask = 2147483647;
			files = (
				4D1ECDC71B44AA4500B5681D /* SecondViewController.m in Sources */,
				4D1ECDA61B449E1400B5681D /* ViewController.m in Sources */,
				4D1ECDA31B449E1400B5681D /* AppDelegate.m in Sources */,
				4D1ECDA01B449E1400B5681D /* main.m in Sources */,
			);
			runOnlyForDeploymentPostprocessing = 0;
		};
		4D1ECDAF1B449E1500B5681D /* Sources */ = {
			isa = PBXSourcesBuildPhase;
			buildActionMask = 2147483647;
			files = (
				4D1ECDBA1B449E1500B5681D /* TreinamentoiOSTests.m in Sources */,
			);
			runOnlyForDeploymentPostprocessing = 0;
		};
/* End PBXSourcesBuildPhase section */

/* Begin PBXTargetDependency section */
		4D1ECDB51B449E1500B5681D /* PBXTargetDependency */ = {
			isa = PBXTargetDependency;
			target = 4D1ECD991B449E1400B5681D /* TreinamentoiOS */;
			targetProxy = 4D1ECDB41B449E1500B5681D /* PBXContainerItemProxy */;
		};
/* End PBXTargetDependency section */

/* Begin PBXVariantGroup section */
		4D1ECDA71B449E1400B5681D /* Main.storyboard */ = {
			isa = PBXVariantGroup;
			children = (
				4D1ECDA81B449E1400B5681D /* Base */,
			);
			name = Main.storyboard;
			sourceTree = "<group>";
		};
		4D1ECDAC1B449E1500B5681D /* LaunchScreen.xib */ = {
			isa = PBXVariantGroup;
			children = (
				4D1ECDAD1B449E1500B5681D /* Base */,
			);
			name = LaunchScreen.xib;
			sourceTree = "<group>";
		};
/* End PBXVariantGroup section */

/* Begin XCBuildConfiguration section */
		4D1ECDBB1B449E1500B5681D /* Debug */ = {
			isa = XCBuildConfiguration;
			buildSettings = {
				ALWAYS_SEARCH_USER_PATHS = NO;
				CLANG_CXX_LANGUAGE_STANDARD = "gnu++0x";
				CLANG_CXX_LIBRARY = "libc++";
				CLANG_ENABLE_MODULES = YES;
				CLANG_ENABLE_OBJC_ARC = YES;
				CLANG_WARN_BOOL_CONVERSION = YES;
				CLANG_WARN_CONSTANT_CONVERSION = YES;
				CLANG_WARN_DIRECT_OBJC_ISA_USAGE = YES_ERROR;
				CLANG_WARN_EMPTY_BODY = YES;
				CLANG_WARN_ENUM_CONVERSION = YES;
				CLANG_WARN_INT_CONVERSION = YES;
				CLANG_WARN_OBJC_ROOT_CLASS = YES_ERROR;
				CLANG_WARN_UNREACHABLE_CODE = YES;
				CLANG_WARN__DUPLICATE_METHOD_MATCH = YES;
				"CODE_SIGN_IDENTITY[sdk=iphoneos*]" = "iPhone Developer";
				COPY_PHASE_STRIP = NO;
				DEBUG_INFORMATION_FORMAT = "dwarf-with-dsym";
				ENABLE_STRICT_OBJC_MSGSEND = YES;
				GCC_C_LANGUAGE_STANDARD = gnu99;
				GCC_DYNAMIC_NO_PIC = NO;
				GCC_NO_COMMON_BLOCKS = YES;
				GCC_OPTIMIZATION_LEVEL = 0;
				GCC_PREPROCESSOR_DEFINITIONS = (
					"DEBUG=1",
					"$(inherited)",
				);
				GCC_SYMBOLS_PRIVATE_EXTERN = NO;
				GCC_WARN_64_TO_32_BIT_CONVERSION = YES;
				GCC_WARN_ABOUT_RETURN_TYPE = YES_ERROR;
				GCC_WARN_UNDECLARED_SELECTOR = YES;
				GCC_WARN_UNINITIALIZED_AUTOS = YES_AGGRESSIVE;
				GCC_WARN_UNUSED_FUNCTION = YES;
				GCC_WARN_UNUSED_VARIABLE = YES;
				IPHONEOS_DEPLOYMENT_TARGET = 8.4;
				MTL_ENABLE_DEBUG_INFO = YES;
				ONLY_ACTIVE_ARCH = YES;
				SDKROOT = iphoneos;
			};
			name = Debug;
		};
		4D1ECDBC1B449E1500B5681D /* Release */ = {
			isa = XCBuildConfiguration;
			buildSettings = {
				ALWAYS_SEARCH_USER_PATHS = NO;
				CLANG_CXX_LANGUAGE_STANDARD = "gnu++0x";
				CLANG_CXX_LIBRARY = "libc++";
				CLANG_ENABLE_MODULES = YES;
				CLANG_ENABLE_OBJC_ARC = YES;
				CLANG_WARN_BOOL_CONVERSION = YES;
				CLANG_WARN_CONSTANT_CONVERSION = YES;
				CLANG_WARN_DIRECT_OBJC_ISA_USAGE = YES_ERROR;
				CLANG_WARN_EMPTY_BODY = YES;
				CLANG_WARN_ENUM_CONVERSION = YES;
				CLANG_WARN_INT_CONVERSION = YES;
				CLANG_WARN_OBJC_ROOT_CLASS = YES_ERROR;
				CLANG_WARN_UNREACHABLE_CODE = YES;
				CLANG_WARN__DUPLICATE_METHOD_MATCH = YES;
				"CODE_SIGN_IDENTITY[sdk=iphoneos*]" = "iPhone Developer";
				COPY_PHASE_STRIP = NO;
				DEBUG_INFORMATION_FORMAT = "dwarf-with-dsym";
				ENABLE_NS_ASSERTIONS = NO;
				ENABLE_STRICT_OBJC_MSGSEND = YES;
				GCC_C_LANGUAGE_STANDARD = gnu99;
				GCC_NO_COMMON_BLOCKS = YES;
				GCC_WARN_64_TO_32_BIT_CONVERSION = YES;
				GCC_WARN_ABOUT_RETURN_TYPE = YES_ERROR;
				GCC_WARN_UNDECLARED_SELECTOR = YES;
				GCC_WARN_UNINITIALIZED_AUTOS = YES_AGGRESSIVE;
				GCC_WARN_UNUSED_FUNCTION = YES;
				GCC_WARN_UNUSED_VARIABLE = YES;
				IPHONEOS_DEPLOYMENT_TARGET = 8.4;
				MTL_ENABLE_DEBUG_INFO = NO;
				SDKROOT = iphoneos;
				VALIDATE_PRODUCT = YES;
			};
			name = Release;
		};
		4D1ECDBE1B449E1500B5681D /* Debug */ = {
			isa = XCBuildConfiguration;
			buildSettings = {
				ASSETCATALOG_COMPILER_APPICON_NAME = AppIcon;
				INFOPLIST_FILE = TreinamentoiOS/Info.plist;
				LD_RUNPATH_SEARCH_PATHS = "$(inherited) @executable_path/Frameworks";
				PRODUCT_NAME = "$(TARGET_NAME)";
			};
			name = Debug;
		};
		4D1ECDBF1B449E1500B5681D /* Release */ = {
			isa = XCBuildConfiguration;
			buildSettings = {
				ASSETCATALOG_COMPILER_APPICON_NAME = AppIcon;
				INFOPLIST_FILE = TreinamentoiOS/Info.plist;
				LD_RUNPATH_SEARCH_PATHS = "$(inherited) @executable_path/Frameworks";
				PRODUCT_NAME = "$(TARGET_NAME)";
			};
			name = Release;
		};
		4D1ECDC11B449E1500B5681D /* Debug */ = {
			isa = XCBuildConfiguration;
			buildSettings = {
				BUNDLE_LOADER = "$(TEST_HOST)";
				FRAMEWORK_SEARCH_PATHS = (
					"$(SDKROOT)/Developer/Library/Frameworks",
					"$(inherited)",
				);
				GCC_PREPROCESSOR_DEFINITIONS = (
					"DEBUG=1",
					"$(inherited)",
				);
				INFOPLIST_FILE = TreinamentoiOSTests/Info.plist;
				LD_RUNPATH_SEARCH_PATHS = "$(inherited) @executable_path/Frameworks @loader_path/Frameworks";
				PRODUCT_NAME = "$(TARGET_NAME)";
				TEST_HOST = "$(BUILT_PRODUCTS_DIR)/TreinamentoiOS.app/TreinamentoiOS";
			};
			name = Debug;
		};
		4D1ECDC21B449E1500B5681D /* Release */ = {
			isa = XCBuildConfiguration;
			buildSettings = {
				BUNDLE_LOADER = "$(TEST_HOST)";
				FRAMEWORK_SEARCH_PATHS = (
					"$(SDKROOT)/Developer/Library/Frameworks",
					"$(inherited)",
				);
				INFOPLIST_FILE = TreinamentoiOSTests/Info.plist;
				LD_RUNPATH_SEARCH_PATHS = "$(inherited) @executable_path/Frameworks @loader_path/Frameworks";
				PRODUCT_NAME = "$(TARGET_NAME)";
				TEST_HOST = "$(BUILT_PRODUCTS_DIR)/TreinamentoiOS.app/TreinamentoiOS";
			};
			name = Release;
		};
/* End XCBuildConfiguration section */

/* Begin XCConfigurationList section */
		4D1ECD951B449E1400B5681D /* Build configuration list for PBXProject "TreinamentoiOS" */ = {
			isa = XCConfigurationList;
			buildConfigurations = (
				4D1ECDBB1B449E1500B5681D /* Debug */,
				4D1ECDBC1B449E1500B5681D /* Release */,
			);
			defaultConfigurationIsVisible = 0;
			defaultConfigurationName = Release;
		};
		4D1ECDBD1B449E1500B5681D /* Build configuration list for PBXNativeTarget "TreinamentoiOS" */ = {
			isa = XCConfigurationList;
			buildConfigurations = (
				4D1ECDBE1B449E1500B5681D /* Debug */,
				4D1ECDBF1B449E1500B5681D /* Release */,
			);
			defaultConfigurationIsVisible = 0;
		};
		4D1ECDC01B449E1500B5681D /* Build configuration list for PBXNativeTarget "TreinamentoiOSTests" */ = {
			isa = XCConfigurationList;
			buildConfigurations = (
				4D1ECDC11B449E1500B5681D /* Debug */,
				4D1ECDC21B449E1500B5681D /* Release */,
			);
			defaultConfigurationIsVisible = 0;
		};
/* End XCConfigurationList section */
	};
	rootObject = 4D1ECD921B449E1400B5681D /* Project object */;
}
